Microsoft Visual Studio Solution File, Format Version 12.00
# Visual Studio Version 17
VisualStudioVersion = 17.10.35027.167
MinimumVisualStudioVersion = 10.0.40219.1
Project("{FAE04EC0-301F-11D3-BF4B-00C04F79EFBC}") = "Rando", "Rando\Rando.csproj", "{56026ECC-D5B2-4EFD-B5A5-DEF63A21B717}"
EndProject
Global
	GlobalSection(ExtensibilityGlobals) = postSolution
		SolutionGuid = {D836DBF2-E604-40A2-A137-0EFB8AB9ED45}
	EndGlobalSection
	GlobalSection(ProjectConfigurationPlatforms) = postSolution
		{56026ECC-D5B2-4EFD-B5A5-DEF63A21B717}.Debug|Any CPU.ActiveCfg = Debug|Any CPU
		{56026ECC-D5B2-4EFD-B5A5-DEF63A21B717}.Debug|Any CPU.Build.0 = Debug|Any CPU
		{56026ECC-D5B2-4EFD-B5A5-DEF63A21B717}.Release|Any CPU.ActiveCfg = Release|Any CPU
		{56026ECC-D5B2-4EFD-B5A5-DEF63A21B717}.Release|Any CPU.Build.0 = Release|Any CPU
	EndGlobalSection
	GlobalSection(SolutionConfigurationPlatforms) = preSolution
		Debug|Any CPU = Debug|Any CPU
		Release|Any CPU = Release|Any CPU
	EndGlobalSection
	GlobalSection(SolutionProperties) = preSolution
		HideSolutionNode = FALSE
	EndGlobalSection
EndGlobal
